
Microsoft Visual Studio Solution File, Format Version 12.00
# Visual Studio Version 17
VisualStudioVersion = 17.13.35825.156 d17.13
MinimumVisualStudioVersion = 10.0.40219.1
Project("{FAE04EC0-301F-11D3-BF4B-00C04F79EFBC}") = "ADO NET 01. SqlConnection, SqlDataReader", "ADO NET 01. SqlConnection, SqlDataReader\ADO NET 01. SqlConnection, SqlDataReader.csproj", "{354A6363-A7DB-4675-8F03-BFC06ED820EE}"
EndProject
Project("{2150E333-8FDC-42A3-9474-1A3956D46DE8}") = "ADO NET 01", "ADO NET 01", "{02EA681E-C7D8-13C7-8484-4AC65E1B71E8}"
EndProject
Project("{FAE04EC0-301F-11D3-BF4B-00C04F79EFBC}") = "ADO .NET 01. Sql Read Data", "ADO .NET 01. Sql Read Data\ADO .NET 01. Sql Read Data.csproj", "{D5EFC464-13A8-4F22-B4C6-9688AEE93752}"
EndProject
Global
	GlobalSection(SolutionConfigurationPlatforms) = preSolution
		Debug|Any CPU = Debug|Any CPU
		Release|Any CPU = Release|Any CPU
	EndGlobalSection
	GlobalSection(ProjectConfigurationPlatforms) = postSolution
		{354A6363-A7DB-4675-8F03-BFC06ED820EE}.Debug|Any CPU.ActiveCfg = Debug|Any CPU
		{354A6363-A7DB-4675-8F03-BFC06ED820EE}.Debug|Any CPU.Build.0 = Debug|Any CPU
		{354A6363-A7DB-4675-8F03-BFC06ED820EE}.Release|Any CPU.ActiveCfg = Release|Any CPU
		{354A6363-A7DB-4675-8F03-BFC06ED820EE}.Release|Any CPU.Build.0 = Release|Any CPU
		{D5EFC464-13A8-4F22-B4C6-9688AEE93752}.Debug|Any CPU.ActiveCfg = Debug|Any CPU
		{D5EFC464-13A8-4F22-B4C6-9688AEE93752}.Debug|Any CPU.Build.0 = Debug|Any CPU
		{D5EFC464-13A8-4F22-B4C6-9688AEE93752}.Release|Any CPU.ActiveCfg = Release|Any CPU
		{D5EFC464-13A8-4F22-B4C6-9688AEE93752}.Release|Any CPU.Build.0 = Release|Any CPU
	EndGlobalSection
	GlobalSection(SolutionProperties) = preSolution
		HideSolutionNode = FALSE
	EndGlobalSection
	GlobalSection(NestedProjects) = preSolution
		{354A6363-A7DB-4675-8F03-BFC06ED820EE} = {02EA681E-C7D8-13C7-8484-4AC65E1B71E8}
		{D5EFC464-13A8-4F22-B4C6-9688AEE93752} = {02EA681E-C7D8-13C7-8484-4AC65E1B71E8}
	EndGlobalSection
	GlobalSection(ExtensibilityGlobals) = postSolution
		SolutionGuid = {1A719ADD-756D-4909-B54B-3D3103C444E3}
	EndGlobalSection
EndGlobal
