
Microsoft Visual Studio Solution File, Format Version 12.00
# Visual Studio Version 17
VisualStudioVersion = 17.13.35825.156
MinimumVisualStudioVersion = 10.0.40219.1
Project("{FAE04EC0-301F-11D3-BF4B-00C04F79EFBC}") = "ADO NET 01. SqlConnection, SqlDataReader", "ADO NET 01. SqlConnection, SqlDataReader\ADO NET 01. SqlConnection, SqlDataReader.csproj", "{354A6363-A7DB-4675-8F03-BFC06ED820EE}"
EndProject
Project("{2150E333-8FDC-42A3-9474-1A3956D46DE8}") = "ADO NET 01", "ADO NET 01", "{02EA681E-C7D8-13C7-8484-4AC65E1B71E8}"
EndProject
Project("{FAE04EC0-301F-11D3-BF4B-00C04F79EFBC}") = "ADO .NET 01. Sql Read Data", "ADO .NET 01. Sql Read Data\ADO .NET 01. Sql Read Data.csproj", "{D5EFC464-13A8-4F22-B4C6-9688AEE93752}"
EndProject
Project("{2150E333-8FDC-42A3-9474-1A3956D46DE8}") = "ADO NET 02", "ADO NET 02", "{B378E609-F0AC-4072-96D4-E2BE7B0E5544}"
EndProject
Project("{FAE04EC0-301F-11D3-BF4B-00C04F79EFBC}") = "ADO NET 02. Configuration File", "ADO NET 02. Configuration File\ADO NET 02. Configuration File.csproj", "{E865ECDD-2C9A-4C14-88B9-C201EE042391}"
EndProject
Project("{FAE04EC0-301F-11D3-BF4B-00C04F79EFBC}") = "ADO NET 02. Multi query", "ADO NET 02. Multi query\ADO NET 02. Multi query.csproj", "{A763A3DF-F7C2-4102-BC7C-824D9A2FABB8}"
EndProject
Project("{FAE04EC0-301F-11D3-BF4B-00C04F79EFBC}") = "ADO NET 02. Stored Procedure Execute", "ADO NET 02. Stored Procedure Execute\ADO NET 02. Stored Procedure Execute.csproj", "{B4B496D1-AC79-49C3-A2E5-13A052258575}"
EndProject
Project("{FAE04EC0-301F-11D3-BF4B-00C04F79EFBC}") = "ADO NET 02. Parametrized query", "ADO NET 02. Parametrized query\ADO NET 02. Parametrized query.csproj", "{75174847-A462-4A86-BB34-7EC06ED863D3}"
EndProject
Project("{2150E333-8FDC-42A3-9474-1A3956D46DE8}") = "ADO NET 03", "ADO NET 03", "{9B198027-567C-41CE-8732-4A74779D1BA9}"
EndProject
Project("{FAE04EC0-301F-11D3-BF4B-00C04F79EFBC}") = "ADO NET 03. EF Core introduction", "ADO NET 03. EF Core introduction\ADO NET 03. EF Core introduction.csproj", "{7BD25202-338C-4DD9-A96F-51C095332B37}"
EndProject
Project("{FAE04EC0-301F-11D3-BF4B-00C04F79EFBC}") = "ADO NET 03. Database first", "ADO NET 03. Database first\ADO NET 03. Database first.csproj", "{D84A4B10-1AF3-417B-AB69-B27DC62A1439}"
EndProject
Project("{FAE04EC0-301F-11D3-BF4B-00C04F79EFBC}") = "ADO NET 03. DB First scaffold", "ADO NET 03. DB First scaffold\ADO NET 03. DB First scaffold.csproj", "{2FDA6740-4DDD-4DB5-88A5-236129006342}"
EndProject
Project("{FAE04EC0-301F-11D3-BF4B-00C04F79EFBC}") = "ADO NET 04. LINQ to Entities", "ADO NET 04. LINQ to Entities\ADO NET 04. LINQ to Entities.csproj", "{496BEF26-D22B-487E-9E99-D5F76E653B93}"
EndProject
Project("{2150E333-8FDC-42A3-9474-1A3956D46DE8}") = "ADO NET 04", "ADO NET 04", "{4D06D8E5-02BD-43A6-A43A-5B016F01647F}"
EndProject
Project("{FAE04EC0-301F-11D3-BF4B-00C04F79EFBC}") = "ADO NET 04. MSSQL Datatypes VS C# Datatypes", "ADO NET 04. MSSQL Datatypes VS C# Datatypes\ADO NET 04. MSSQL Datatypes VS C# Datatypes.csproj", "{AA50714F-6FD1-4E2C-82C7-99A2D39A0523}"
EndProject
Project("{FAE04EC0-301F-11D3-BF4B-00C04F79EFBC}") = "ADO NET 04. Code First. One to One", "ADO NET 04. Code First. One to One\ADO NET 04. Code First. One to One.csproj", "{74F29A6D-1D75-4D61-BE5A-6FC2CCD1E6FE}"
EndProject
Project("{FAE04EC0-301F-11D3-BF4B-00C04F79EFBC}") = "ADO NET 04. Code First. One to Many", "ADO NET 04. Code First. One to Many\ADO NET 04. Code First. One to Many.csproj", "{13673574-BFA7-4DA1-AE65-23A5D09112E3}"
EndProject
Project("{2150E333-8FDC-42A3-9474-1A3956D46DE8}") = "ADO NET 05", "ADO NET 05", "{44C89A14-88B6-4AC7-981D-CECB85B987DD}"
EndProject
Project("{FAE04EC0-301F-11D3-BF4B-00C04F79EFBC}") = "ADO NET 05. Code First. Many to Many", "ADO NET 05. Code First. Many to Many\ADO NET 05. Code First. Many to Many.csproj", "{2F2AB68A-56E6-4806-84B4-35929F2D3BB3}"
EndProject
Project("{FAE04EC0-301F-11D3-BF4B-00C04F79EFBC}") = "ADO NET 05. Annotations", "ADO NET 05. Annotations\ADO NET 05. Annotations.csproj", "{1DD2C70B-51E1-4387-B0E8-89E8D8CC6406}"
EndProject
Project("{FAE04EC0-301F-11D3-BF4B-00C04F79EFBC}") = "ADO NET 05. Fluent API", "ADO NET 05. Fluent API\ADO NET 05. Fluent API.csproj", "{7F1EFF36-596A-4B57-9A1A-4C0B52AFC632}"
EndProject
Project("{2150E333-8FDC-42A3-9474-1A3956D46DE8}") = "ADO NET 06", "ADO NET 06", "{4150244C-9FF5-4206-94D5-3F2F553DAEFA}"
EndProject
Project("{FAE04EC0-301F-11D3-BF4B-00C04F79EFBC}") = "ADO NET 06. Migrations", "ADO NET 06. Migrations\ADO NET 06. Migrations.csproj", "{9E2E3A27-EDE4-4E91-B556-B6A0EE27A890}"
EndProject
Project("{FAE04EC0-301F-11D3-BF4B-00C04F79EFBC}") = "ADO NET 06. Loadings. Eager loading", "ADO NET 06. Loadings. Eager loading\ADO NET 06. Loadings. Eager loading.csproj", "{74F2B629-3CA2-466C-935D-23EDEB854175}"
EndProject
Project("{FAE04EC0-301F-11D3-BF4B-00C04F79EFBC}") = "ADO NET 06. Loadings. Eager Loading. Library", "ADO NET 06. Loadings. Eager Loading. Library\ADO NET 06. Loadings. Eager Loading. Library.csproj", "{8AB7F695-64FA-4531-BB23-60CAA4F4124D}"
EndProject
Project("{2150E333-8FDC-42A3-9474-1A3956D46DE8}") = "ADO NET 07", "ADO NET 07", "{BE5A8588-8E1A-4375-A28D-F4CF0CB22082}"
EndProject
Project("{FAE04EC0-301F-11D3-BF4B-00C04F79EFBC}") = "ADO NET 07. Loadings Explicit Loading", "ADO NET 07. Loadings Explicit Loading\ADO NET 07. Loadings Explicit Loading.csproj", "{CBCA902C-3FCE-4330-88BE-2ACC6ADAFC48}"
EndProject
Project("{FAE04EC0-301F-11D3-BF4B-00C04F79EFBC}") = "ADO NET 07. Loadings. Lazy Loading", "ADO NET 07. Loadings. Lazy Loading\ADO NET 07. Loadings. Lazy Loading.csproj", "{75DD70EA-F722-49D8-B72E-652914ADCF6C}"
EndProject
Project("{2150E333-8FDC-42A3-9474-1A3956D46DE8}") = "ADO NET 08", "ADO NET 08", "{3EAFADDD-D107-4017-85B4-18F3A081481D}"
EndProject
Project("{FAE04EC0-301F-11D3-BF4B-00C04F79EFBC}") = "ADO NET 08. Dapper ORM", "ADO NET 08. Dapper ORM\ADO NET 08. Dapper ORM.csproj", "{7D0D7305-8544-41F4-9B7C-8F358BBC1912}"
EndProject
Global
	GlobalSection(SolutionConfigurationPlatforms) = preSolution
		Debug|Any CPU = Debug|Any CPU
		Release|Any CPU = Release|Any CPU
	EndGlobalSection
	GlobalSection(ProjectConfigurationPlatforms) = postSolution
		{354A6363-A7DB-4675-8F03-BFC06ED820EE}.Debug|Any CPU.ActiveCfg = Debug|Any CPU
		{354A6363-A7DB-4675-8F03-BFC06ED820EE}.Debug|Any CPU.Build.0 = Debug|Any CPU
		{354A6363-A7DB-4675-8F03-BFC06ED820EE}.Release|Any CPU.ActiveCfg = Release|Any CPU
		{354A6363-A7DB-4675-8F03-BFC06ED820EE}.Release|Any CPU.Build.0 = Release|Any CPU
		{D5EFC464-13A8-4F22-B4C6-9688AEE93752}.Debug|Any CPU.ActiveCfg = Debug|Any CPU
		{D5EFC464-13A8-4F22-B4C6-9688AEE93752}.Debug|Any CPU.Build.0 = Debug|Any CPU
		{D5EFC464-13A8-4F22-B4C6-9688AEE93752}.Release|Any CPU.ActiveCfg = Release|Any CPU
		{D5EFC464-13A8-4F22-B4C6-9688AEE93752}.Release|Any CPU.Build.0 = Release|Any CPU
		{E865ECDD-2C9A-4C14-88B9-C201EE042391}.Debug|Any CPU.ActiveCfg = Debug|Any CPU
		{E865ECDD-2C9A-4C14-88B9-C201EE042391}.Debug|Any CPU.Build.0 = Debug|Any CPU
		{E865ECDD-2C9A-4C14-88B9-C201EE042391}.Release|Any CPU.ActiveCfg = Release|Any CPU
		{E865ECDD-2C9A-4C14-88B9-C201EE042391}.Release|Any CPU.Build.0 = Release|Any CPU
		{A763A3DF-F7C2-4102-BC7C-824D9A2FABB8}.Debug|Any CPU.ActiveCfg = Debug|Any CPU
		{A763A3DF-F7C2-4102-BC7C-824D9A2FABB8}.Debug|Any CPU.Build.0 = Debug|Any CPU
		{A763A3DF-F7C2-4102-BC7C-824D9A2FABB8}.Release|Any CPU.ActiveCfg = Release|Any CPU
		{A763A3DF-F7C2-4102-BC7C-824D9A2FABB8}.Release|Any CPU.Build.0 = Release|Any CPU
		{B4B496D1-AC79-49C3-A2E5-13A052258575}.Debug|Any CPU.ActiveCfg = Debug|Any CPU
		{B4B496D1-AC79-49C3-A2E5-13A052258575}.Debug|Any CPU.Build.0 = Debug|Any CPU
		{B4B496D1-AC79-49C3-A2E5-13A052258575}.Release|Any CPU.ActiveCfg = Release|Any CPU
		{B4B496D1-AC79-49C3-A2E5-13A052258575}.Release|Any CPU.Build.0 = Release|Any CPU
		{75174847-A462-4A86-BB34-7EC06ED863D3}.Debug|Any CPU.ActiveCfg = Debug|Any CPU
		{75174847-A462-4A86-BB34-7EC06ED863D3}.Debug|Any CPU.Build.0 = Debug|Any CPU
		{75174847-A462-4A86-BB34-7EC06ED863D3}.Release|Any CPU.ActiveCfg = Release|Any CPU
		{75174847-A462-4A86-BB34-7EC06ED863D3}.Release|Any CPU.Build.0 = Release|Any CPU
		{7BD25202-338C-4DD9-A96F-51C095332B37}.Debug|Any CPU.ActiveCfg = Debug|Any CPU
		{7BD25202-338C-4DD9-A96F-51C095332B37}.Debug|Any CPU.Build.0 = Debug|Any CPU
		{7BD25202-338C-4DD9-A96F-51C095332B37}.Release|Any CPU.ActiveCfg = Release|Any CPU
		{7BD25202-338C-4DD9-A96F-51C095332B37}.Release|Any CPU.Build.0 = Release|Any CPU
		{D84A4B10-1AF3-417B-AB69-B27DC62A1439}.Debug|Any CPU.ActiveCfg = Debug|Any CPU
		{D84A4B10-1AF3-417B-AB69-B27DC62A1439}.Debug|Any CPU.Build.0 = Debug|Any CPU
		{D84A4B10-1AF3-417B-AB69-B27DC62A1439}.Release|Any CPU.ActiveCfg = Release|Any CPU
		{D84A4B10-1AF3-417B-AB69-B27DC62A1439}.Release|Any CPU.Build.0 = Release|Any CPU
		{2FDA6740-4DDD-4DB5-88A5-236129006342}.Debug|Any CPU.ActiveCfg = Debug|Any CPU
		{2FDA6740-4DDD-4DB5-88A5-236129006342}.Debug|Any CPU.Build.0 = Debug|Any CPU
		{2FDA6740-4DDD-4DB5-88A5-236129006342}.Release|Any CPU.ActiveCfg = Release|Any CPU
		{2FDA6740-4DDD-4DB5-88A5-236129006342}.Release|Any CPU.Build.0 = Release|Any CPU
		{496BEF26-D22B-487E-9E99-D5F76E653B93}.Debug|Any CPU.ActiveCfg = Debug|Any CPU
		{496BEF26-D22B-487E-9E99-D5F76E653B93}.Debug|Any CPU.Build.0 = Debug|Any CPU
		{496BEF26-D22B-487E-9E99-D5F76E653B93}.Release|Any CPU.ActiveCfg = Release|Any CPU
		{496BEF26-D22B-487E-9E99-D5F76E653B93}.Release|Any CPU.Build.0 = Release|Any CPU
		{AA50714F-6FD1-4E2C-82C7-99A2D39A0523}.Debug|Any CPU.ActiveCfg = Debug|Any CPU
		{AA50714F-6FD1-4E2C-82C7-99A2D39A0523}.Debug|Any CPU.Build.0 = Debug|Any CPU
		{AA50714F-6FD1-4E2C-82C7-99A2D39A0523}.Release|Any CPU.ActiveCfg = Release|Any CPU
		{AA50714F-6FD1-4E2C-82C7-99A2D39A0523}.Release|Any CPU.Build.0 = Release|Any CPU
		{74F29A6D-1D75-4D61-BE5A-6FC2CCD1E6FE}.Debug|Any CPU.ActiveCfg = Debug|Any CPU
		{74F29A6D-1D75-4D61-BE5A-6FC2CCD1E6FE}.Debug|Any CPU.Build.0 = Debug|Any CPU
		{74F29A6D-1D75-4D61-BE5A-6FC2CCD1E6FE}.Release|Any CPU.ActiveCfg = Release|Any CPU
		{74F29A6D-1D75-4D61-BE5A-6FC2CCD1E6FE}.Release|Any CPU.Build.0 = Release|Any CPU
		{13673574-BFA7-4DA1-AE65-23A5D09112E3}.Debug|Any CPU.ActiveCfg = Debug|Any CPU
		{13673574-BFA7-4DA1-AE65-23A5D09112E3}.Debug|Any CPU.Build.0 = Debug|Any CPU
		{13673574-BFA7-4DA1-AE65-23A5D09112E3}.Release|Any CPU.ActiveCfg = Release|Any CPU
		{13673574-BFA7-4DA1-AE65-23A5D09112E3}.Release|Any CPU.Build.0 = Release|Any CPU
		{2F2AB68A-56E6-4806-84B4-35929F2D3BB3}.Debug|Any CPU.ActiveCfg = Debug|Any CPU
		{2F2AB68A-56E6-4806-84B4-35929F2D3BB3}.Debug|Any CPU.Build.0 = Debug|Any CPU
		{2F2AB68A-56E6-4806-84B4-35929F2D3BB3}.Release|Any CPU.ActiveCfg = Release|Any CPU
		{2F2AB68A-56E6-4806-84B4-35929F2D3BB3}.Release|Any CPU.Build.0 = Release|Any CPU
		{1DD2C70B-51E1-4387-B0E8-89E8D8CC6406}.Debug|Any CPU.ActiveCfg = Debug|Any CPU
		{1DD2C70B-51E1-4387-B0E8-89E8D8CC6406}.Debug|Any CPU.Build.0 = Debug|Any CPU
		{1DD2C70B-51E1-4387-B0E8-89E8D8CC6406}.Release|Any CPU.ActiveCfg = Release|Any CPU
		{1DD2C70B-51E1-4387-B0E8-89E8D8CC6406}.Release|Any CPU.Build.0 = Release|Any CPU
		{7F1EFF36-596A-4B57-9A1A-4C0B52AFC632}.Debug|Any CPU.ActiveCfg = Debug|Any CPU
		{7F1EFF36-596A-4B57-9A1A-4C0B52AFC632}.Debug|Any CPU.Build.0 = Debug|Any CPU
		{7F1EFF36-596A-4B57-9A1A-4C0B52AFC632}.Release|Any CPU.ActiveCfg = Release|Any CPU
		{7F1EFF36-596A-4B57-9A1A-4C0B52AFC632}.Release|Any CPU.Build.0 = Release|Any CPU
		{9E2E3A27-EDE4-4E91-B556-B6A0EE27A890}.Debug|Any CPU.ActiveCfg = Debug|Any CPU
		{9E2E3A27-EDE4-4E91-B556-B6A0EE27A890}.Debug|Any CPU.Build.0 = Debug|Any CPU
		{9E2E3A27-EDE4-4E91-B556-B6A0EE27A890}.Release|Any CPU.ActiveCfg = Release|Any CPU
		{9E2E3A27-EDE4-4E91-B556-B6A0EE27A890}.Release|Any CPU.Build.0 = Release|Any CPU
		{74F2B629-3CA2-466C-935D-23EDEB854175}.Debug|Any CPU.ActiveCfg = Debug|Any CPU
		{74F2B629-3CA2-466C-935D-23EDEB854175}.Debug|Any CPU.Build.0 = Debug|Any CPU
		{74F2B629-3CA2-466C-935D-23EDEB854175}.Release|Any CPU.ActiveCfg = Release|Any CPU
		{74F2B629-3CA2-466C-935D-23EDEB854175}.Release|Any CPU.Build.0 = Release|Any CPU
		{8AB7F695-64FA-4531-BB23-60CAA4F4124D}.Debug|Any CPU.ActiveCfg = Debug|Any CPU
		{8AB7F695-64FA-4531-BB23-60CAA4F4124D}.Debug|Any CPU.Build.0 = Debug|Any CPU
		{8AB7F695-64FA-4531-BB23-60CAA4F4124D}.Release|Any CPU.ActiveCfg = Release|Any CPU
		{8AB7F695-64FA-4531-BB23-60CAA4F4124D}.Release|Any CPU.Build.0 = Release|Any CPU
		{CBCA902C-3FCE-4330-88BE-2ACC6ADAFC48}.Debug|Any CPU.ActiveCfg = Debug|Any CPU
		{CBCA902C-3FCE-4330-88BE-2ACC6ADAFC48}.Debug|Any CPU.Build.0 = Debug|Any CPU
		{CBCA902C-3FCE-4330-88BE-2ACC6ADAFC48}.Release|Any CPU.ActiveCfg = Release|Any CPU
		{CBCA902C-3FCE-4330-88BE-2ACC6ADAFC48}.Release|Any CPU.Build.0 = Release|Any CPU
		{75DD70EA-F722-49D8-B72E-652914ADCF6C}.Debug|Any CPU.ActiveCfg = Debug|Any CPU
		{75DD70EA-F722-49D8-B72E-652914ADCF6C}.Debug|Any CPU.Build.0 = Debug|Any CPU
		{75DD70EA-F722-49D8-B72E-652914ADCF6C}.Release|Any CPU.ActiveCfg = Release|Any CPU
		{75DD70EA-F722-49D8-B72E-652914ADCF6C}.Release|Any CPU.Build.0 = Release|Any CPU
		{7D0D7305-8544-41F4-9B7C-8F358BBC1912}.Debug|Any CPU.ActiveCfg = Debug|Any CPU
		{7D0D7305-8544-41F4-9B7C-8F358BBC1912}.Debug|Any CPU.Build.0 = Debug|Any CPU
		{7D0D7305-8544-41F4-9B7C-8F358BBC1912}.Release|Any CPU.ActiveCfg = Release|Any CPU
		{7D0D7305-8544-41F4-9B7C-8F358BBC1912}.Release|Any CPU.Build.0 = Release|Any CPU
	EndGlobalSection
	GlobalSection(SolutionProperties) = preSolution
		HideSolutionNode = FALSE
	EndGlobalSection
	GlobalSection(NestedProjects) = preSolution
		{354A6363-A7DB-4675-8F03-BFC06ED820EE} = {02EA681E-C7D8-13C7-8484-4AC65E1B71E8}
		{D5EFC464-13A8-4F22-B4C6-9688AEE93752} = {02EA681E-C7D8-13C7-8484-4AC65E1B71E8}
		{E865ECDD-2C9A-4C14-88B9-C201EE042391} = {B378E609-F0AC-4072-96D4-E2BE7B0E5544}
		{A763A3DF-F7C2-4102-BC7C-824D9A2FABB8} = {B378E609-F0AC-4072-96D4-E2BE7B0E5544}
		{B4B496D1-AC79-49C3-A2E5-13A052258575} = {B378E609-F0AC-4072-96D4-E2BE7B0E5544}
		{75174847-A462-4A86-BB34-7EC06ED863D3} = {B378E609-F0AC-4072-96D4-E2BE7B0E5544}
		{7BD25202-338C-4DD9-A96F-51C095332B37} = {9B198027-567C-41CE-8732-4A74779D1BA9}
		{D84A4B10-1AF3-417B-AB69-B27DC62A1439} = {9B198027-567C-41CE-8732-4A74779D1BA9}
		{2FDA6740-4DDD-4DB5-88A5-236129006342} = {9B198027-567C-41CE-8732-4A74779D1BA9}
		{496BEF26-D22B-487E-9E99-D5F76E653B93} = {4D06D8E5-02BD-43A6-A43A-5B016F01647F}
		{AA50714F-6FD1-4E2C-82C7-99A2D39A0523} = {4D06D8E5-02BD-43A6-A43A-5B016F01647F}
		{74F29A6D-1D75-4D61-BE5A-6FC2CCD1E6FE} = {4D06D8E5-02BD-43A6-A43A-5B016F01647F}
		{13673574-BFA7-4DA1-AE65-23A5D09112E3} = {4D06D8E5-02BD-43A6-A43A-5B016F01647F}
		{2F2AB68A-56E6-4806-84B4-35929F2D3BB3} = {44C89A14-88B6-4AC7-981D-CECB85B987DD}
		{1DD2C70B-51E1-4387-B0E8-89E8D8CC6406} = {44C89A14-88B6-4AC7-981D-CECB85B987DD}
		{7F1EFF36-596A-4B57-9A1A-4C0B52AFC632} = {44C89A14-88B6-4AC7-981D-CECB85B987DD}
		{9E2E3A27-EDE4-4E91-B556-B6A0EE27A890} = {4150244C-9FF5-4206-94D5-3F2F553DAEFA}
		{74F2B629-3CA2-466C-935D-23EDEB854175} = {4150244C-9FF5-4206-94D5-3F2F553DAEFA}
		{8AB7F695-64FA-4531-BB23-60CAA4F4124D} = {4150244C-9FF5-4206-94D5-3F2F553DAEFA}
		{CBCA902C-3FCE-4330-88BE-2ACC6ADAFC48} = {BE5A8588-8E1A-4375-A28D-F4CF0CB22082}
		{75DD70EA-F722-49D8-B72E-652914ADCF6C} = {BE5A8588-8E1A-4375-A28D-F4CF0CB22082}
		{7D0D7305-8544-41F4-9B7C-8F358BBC1912} = {3EAFADDD-D107-4017-85B4-18F3A081481D}
	EndGlobalSection
	GlobalSection(ExtensibilityGlobals) = postSolution
		SolutionGuid = {1A719ADD-756D-4909-B54B-3D3103C444E3}
	EndGlobalSection
EndGlobal
